# This file is generated by running "yarn install" inside your project.
# Manual changes might be lost - proceed with caution!

__metadata:
  version: 8
  cacheKey: 10c0

"@asi/cap-health-connect@workspace:.":
  version: 0.0.0-use.local
  resolution: "@asi/cap-health-connect@workspace:."
  dependencies:
    "@capacitor/android": "npm:^7.0.0"
    "@capacitor/core": "npm:^7.0.0"
    typescript: "npm:^5.0.0"
  peerDependencies:
    "@capacitor/core": ^7.0.0
  languageName: unknown
  linkType: soft

"@capacitor/android@npm:^7.0.0":
  version: 7.4.4
  resolution: "@capacitor/android@npm:7.4.4"
  peerDependencies:
    "@capacitor/core": ^7.4.0
  checksum: 10c0/c7fb87a6bdbb0aae0a6b181d052332f7a3d08f247e0c3540aa75d4bdf310106809cbd04622a968ef9ce69931b054bc5608f045858ee4309b2cc880de9060fd4d
  languageName: node
  linkType: hard

"@capacitor/core@npm:^7.0.0":
  version: 7.4.4
  resolution: "@capacitor/core@npm:7.4.4"
  dependencies:
    tslib: "npm:^2.1.0"
  checksum: 10c0/6c89d2fe9ab64a45d2bcb786d9837380dbd652997c9bfd3ab8e62fa0759a8a8558342d800cd19b175f1f6238e290a5efefe3733b283ec737b088f178e1ed6c0d
  languageName: node
  linkType: hard

"tslib@npm:^2.1.0":
  version: 2.8.1
  resolution: "tslib@npm:2.8.1"
  checksum: 10c0/9c4759110a19c53f992d9aae23aac5ced636e99887b51b9e61def52611732872ff7668757d4e4c61f19691e36f4da981cd9485e869b4a7408d689f6bf1f14e62
  languageName: node
  linkType: hard

"typescript@npm:^5.0.0":
  version: 5.9.3
  resolution: "typescript@npm:5.9.3"
  bin:
    tsc: bin/tsc
    tsserver: bin/tsserver
  checksum: 10c0/6bd7552ce39f97e711db5aa048f6f9995b53f1c52f7d8667c1abdc1700c68a76a308f579cd309ce6b53646deb4e9a1be7c813a93baaf0a28ccd536a30270e1c5
  languageName: node
  linkType: hard

"typescript@patch:typescript@npm%3A^5.0.0#optional!builtin<compat/typescript>":
  version: 5.9.3
  resolution: "typescript@patch:typescript@npm%3A5.9.3#optional!builtin<compat/typescript>::version=5.9.3&hash=379a07"
  bin:
    tsc: bin/tsc
    tsserver: bin/tsserver
  checksum: 10c0/6f7e53bf0d9702350deeb6f35e08b69cbc8b958c33e0ec77bdc0ad6a6c8e280f3959dcbfde6f5b0848bece57810696489deaaa53d75de3578ff255d168c1efbd
  languageName: node
  linkType: hard
